
Microsoft Visual Studio Solution File, Format Version 12.00
# Visual Studio Version 16
VisualStudioVersion = 16.0.31911.196
MinimumVisualStudioVersion = 10.0.40219.1
Project("{FAE04EC0-301F-11D3-BF4B-00C04F79EFBC}") = "MultiArray", "MultiArray\MultiArray.csproj", "{1AE73218-0F16-436F-8B95-B6A8C68668FF}"
EndProject
Global
	GlobalSection(SolutionConfigurationPlatforms) = preSolution
		Debug|Any CPU = Debug|Any CPU
		Release|Any CPU = Release|Any CPU
	EndGlobalSection
	GlobalSection(ProjectConfigurationPlatforms) = postSolution
		{1AE73218-0F16-436F-8B95-B6A8C68668FF}.Debug|Any CPU.ActiveCfg = Debug|Any CPU
		{1AE73218-0F16-436F-8B95-B6A8C68668FF}.Debug|Any CPU.Build.0 = Debug|Any CPU
		{1AE73218-0F16-436F-8B95-B6A8C68668FF}.Release|Any CPU.ActiveCfg = Release|Any CPU
		{1AE73218-0F16-436F-8B95-B6A8C68668FF}.Release|Any CPU.Build.0 = Release|Any CPU
	EndGlobalSection
	GlobalSection(SolutionProperties) = preSolution
		HideSolutionNode = FALSE
	EndGlobalSection
	GlobalSection(ExtensibilityGlobals) = postSolution
		SolutionGuid = {2DF120A7-328C-4A1F-AA55-DB95A4DE7809}
	EndGlobalSection
EndGlobal
