
Microsoft Visual Studio Solution File, Format Version 12.00
# Visual Studio Version 16
VisualStudioVersion = 16.0.31911.196
MinimumVisualStudioVersion = 10.0.40219.1
Project("{FAE04EC0-301F-11D3-BF4B-00C04F79EFBC}") = "extra", "extra\extra.csproj", "{C87DCAFD-09F5-4CAE-B095-BDF5D1891C29}"
EndProject
Global
	GlobalSection(SolutionConfigurationPlatforms) = preSolution
		Debug|Any CPU = Debug|Any CPU
		Release|Any CPU = Release|Any CPU
	EndGlobalSection
	GlobalSection(ProjectConfigurationPlatforms) = postSolution
		{C87DCAFD-09F5-4CAE-B095-BDF5D1891C29}.Debug|Any CPU.ActiveCfg = Debug|Any CPU
		{C87DCAFD-09F5-4CAE-B095-BDF5D1891C29}.Debug|Any CPU.Build.0 = Debug|Any CPU
		{C87DCAFD-09F5-4CAE-B095-BDF5D1891C29}.Release|Any CPU.ActiveCfg = Release|Any CPU
		{C87DCAFD-09F5-4CAE-B095-BDF5D1891C29}.Release|Any CPU.Build.0 = Release|Any CPU
	EndGlobalSection
	GlobalSection(SolutionProperties) = preSolution
		HideSolutionNode = FALSE
	EndGlobalSection
	GlobalSection(ExtensibilityGlobals) = postSolution
		SolutionGuid = {2F73FDF3-0B44-4AF5-BD85-1DE320B6A821}
	EndGlobalSection
EndGlobal
