
Microsoft Visual Studio Solution File, Format Version 12.00
# Visual Studio Version 16
VisualStudioVersion = 16.0.31911.196
MinimumVisualStudioVersion = 10.0.40219.1
Project("{FAE04EC0-301F-11D3-BF4B-00C04F79EFBC}") = "IEnumerable", "IEnumerable\IEnumerable.csproj", "{E516DB1A-6491-481D-B5C4-41131A76143E}"
EndProject
Global
	GlobalSection(SolutionConfigurationPlatforms) = preSolution
		Debug|Any CPU = Debug|Any CPU
		Release|Any CPU = Release|Any CPU
	EndGlobalSection
	GlobalSection(ProjectConfigurationPlatforms) = postSolution
		{E516DB1A-6491-481D-B5C4-41131A76143E}.Debug|Any CPU.ActiveCfg = Debug|Any CPU
		{E516DB1A-6491-481D-B5C4-41131A76143E}.Debug|Any CPU.Build.0 = Debug|Any CPU
		{E516DB1A-6491-481D-B5C4-41131A76143E}.Release|Any CPU.ActiveCfg = Release|Any CPU
		{E516DB1A-6491-481D-B5C4-41131A76143E}.Release|Any CPU.Build.0 = Release|Any CPU
	EndGlobalSection
	GlobalSection(SolutionProperties) = preSolution
		HideSolutionNode = FALSE
	EndGlobalSection
	GlobalSection(ExtensibilityGlobals) = postSolution
		SolutionGuid = {ECB9E430-4F8B-49A7-8991-8CC9D2B853F0}
	EndGlobalSection
EndGlobal
