
Microsoft Visual Studio Solution File, Format Version 12.00
# Visual Studio Version 16
VisualStudioVersion = 16.0.31911.196
MinimumVisualStudioVersion = 10.0.40219.1
Project("{FAE04EC0-301F-11D3-BF4B-00C04F79EFBC}") = "OutParamter", "OutParamter\OutParamter.csproj", "{2E69EC79-84E8-4175-915A-551B898E7074}"
EndProject
Global
	GlobalSection(SolutionConfigurationPlatforms) = preSolution
		Debug|Any CPU = Debug|Any CPU
		Release|Any CPU = Release|Any CPU
	EndGlobalSection
	GlobalSection(ProjectConfigurationPlatforms) = postSolution
		{2E69EC79-84E8-4175-915A-551B898E7074}.Debug|Any CPU.ActiveCfg = Debug|Any CPU
		{2E69EC79-84E8-4175-915A-551B898E7074}.Debug|Any CPU.Build.0 = Debug|Any CPU
		{2E69EC79-84E8-4175-915A-551B898E7074}.Release|Any CPU.ActiveCfg = Release|Any CPU
		{2E69EC79-84E8-4175-915A-551B898E7074}.Release|Any CPU.Build.0 = Release|Any CPU
	EndGlobalSection
	GlobalSection(SolutionProperties) = preSolution
		HideSolutionNode = FALSE
	EndGlobalSection
	GlobalSection(ExtensibilityGlobals) = postSolution
		SolutionGuid = {4B355071-13A3-4F94-BCE5-E3B29DAB8C4F}
	EndGlobalSection
EndGlobal
