
Microsoft Visual Studio Solution File, Format Version 12.00
# Visual Studio Version 16
VisualStudioVersion = 16.0.31911.196
MinimumVisualStudioVersion = 10.0.40219.1
Project("{FAE04EC0-301F-11D3-BF4B-00C04F79EFBC}") = "SortedListEg", "SortedListEg\SortedListEg.csproj", "{D36A0201-5393-4C27-89D9-E6ECB55B4429}"
EndProject
Global
	GlobalSection(SolutionConfigurationPlatforms) = preSolution
		Debug|Any CPU = Debug|Any CPU
		Release|Any CPU = Release|Any CPU
	EndGlobalSection
	GlobalSection(ProjectConfigurationPlatforms) = postSolution
		{D36A0201-5393-4C27-89D9-E6ECB55B4429}.Debug|Any CPU.ActiveCfg = Debug|Any CPU
		{D36A0201-5393-4C27-89D9-E6ECB55B4429}.Debug|Any CPU.Build.0 = Debug|Any CPU
		{D36A0201-5393-4C27-89D9-E6ECB55B4429}.Release|Any CPU.ActiveCfg = Release|Any CPU
		{D36A0201-5393-4C27-89D9-E6ECB55B4429}.Release|Any CPU.Build.0 = Release|Any CPU
	EndGlobalSection
	GlobalSection(SolutionProperties) = preSolution
		HideSolutionNode = FALSE
	EndGlobalSection
	GlobalSection(ExtensibilityGlobals) = postSolution
		SolutionGuid = {FA7EF196-311D-48F0-AADE-E445F6A3131D}
	EndGlobalSection
EndGlobal
